# THIS IS AN AUTOGENERATED FILE. DO NOT EDIT THIS FILE DIRECTLY.
# yarn lockfile v1


commander@~2.12.1:
  version "2.12.2"
  resolved "https://registry.yarnpkg.com/commander/-/commander-2.12.2.tgz#0f5946c427ed9ec0d91a46bb9def53e54650e555"

rollup-plugin-uglify@2.0.1:
  version "2.0.1"
  resolved "https://registry.yarnpkg.com/rollup-plugin-uglify/-/rollup-plugin-uglify-2.0.1.tgz#67b37ad1efdafbd83af4c36b40c189ee4866c969"
  dependencies:
    uglify-js "^3.0.9"

rollup@0.53.0:
  version "0.53.0"
  resolved "https://registry.yarnpkg.com/rollup/-/rollup-0.53.0.tgz#7a3d5a04ba2b0a8f2405899fa6a0ac48da480ed1"

source-map@~0.6.1:
  version "0.6.1"
  resolved "https://registry.yarnpkg.com/source-map/-/source-map-0.6.1.tgz#74722af32e9614e9c287a8d0bbde48b5e2f1a263"

uglify-js@^3.0.9:
  version "3.2.2"
  resolved "https://registry.yarnpkg.com/uglify-js/-/uglify-js-3.2.2.tgz#870e4b34ed733d179284f9998efd3293f7fd73f6"
  dependencies:
    commander "~2.12.1"
    source-map "~0.6.1"
